
Microsoft Visual Studio Solution File, Format Version 12.00
# Visual Studio Version 17
VisualStudioVersion = 17.14.37012.4 d17.14
MinimumVisualStudioVersion = 10.0.40219.1
Project("{FAE04EC0-301F-11D3-BF4B-00C04F79EFBC}") = "FlightReservationSystem", "FlightReservationSystem\FlightReservationSystem.csproj", "{6C951171-CB27-4DC2-A2A4-EC546CF0F908}"
EndProject
Global
	GlobalSection(SolutionConfigurationPlatforms) = preSolution
		Debug|Any CPU = Debug|Any CPU
		Release|Any CPU = Release|Any CPU
	EndGlobalSection
	GlobalSection(ProjectConfigurationPlatforms) = postSolution
		{6C951171-CB27-4DC2-A2A4-EC546CF0F908}.Debug|Any CPU.ActiveCfg = Debug|Any CPU
		{6C951171-CB27-4DC2-A2A4-EC546CF0F908}.Debug|Any CPU.Build.0 = Debug|Any CPU
		{6C951171-CB27-4DC2-A2A4-EC546CF0F908}.Release|Any CPU.ActiveCfg = Release|Any CPU
		{6C951171-CB27-4DC2-A2A4-EC546CF0F908}.Release|Any CPU.Build.0 = Release|Any CPU
	EndGlobalSection
	GlobalSection(SolutionProperties) = preSolution
		HideSolutionNode = FALSE
	EndGlobalSection
	GlobalSection(ExtensibilityGlobals) = postSolution
		SolutionGuid = {CD802749-0360-4650-B957-A0355ECAB0CD}
	EndGlobalSection
EndGlobal
