
Microsoft Visual Studio Solution File, Format Version 12.00
# Visual Studio Version 17
VisualStudioVersion = 17.14.37012.4 d17.14
MinimumVisualStudioVersion = 10.0.40219.1
Project("{FAE04EC0-301F-11D3-BF4B-00C04F79EFBC}") = "FlightReservationSystem", "FlightReservationSystem\FlightReservationSystem.csproj", "{A772A02E-B8CB-4746-A7BF-BF5C2B2A064F}"
EndProject
Global
	GlobalSection(SolutionConfigurationPlatforms) = preSolution
		Debug|Any CPU = Debug|Any CPU
		Release|Any CPU = Release|Any CPU
	EndGlobalSection
	GlobalSection(ProjectConfigurationPlatforms) = postSolution
		{A772A02E-B8CB-4746-A7BF-BF5C2B2A064F}.Debug|Any CPU.ActiveCfg = Debug|Any CPU
		{A772A02E-B8CB-4746-A7BF-BF5C2B2A064F}.Debug|Any CPU.Build.0 = Debug|Any CPU
		{A772A02E-B8CB-4746-A7BF-BF5C2B2A064F}.Release|Any CPU.ActiveCfg = Release|Any CPU
		{A772A02E-B8CB-4746-A7BF-BF5C2B2A064F}.Release|Any CPU.Build.0 = Release|Any CPU
	EndGlobalSection
	GlobalSection(SolutionProperties) = preSolution
		HideSolutionNode = FALSE
	EndGlobalSection
	GlobalSection(ExtensibilityGlobals) = postSolution
		SolutionGuid = {B6A71DDF-D4CE-4E9E-A248-9B5721E64BE3}
	EndGlobalSection
EndGlobal
